
Microsoft Visual Studio Solution File, Format Version 12.00
# Visual Studio Version 17
VisualStudioVersion = 17.2.32526.322
MinimumVisualStudioVersion = 10.0.40219.1
Project("{9A19103F-16F7-4668-BE54-9A1E7A4F7556}") = "DotNetCore.AWS.Services", "DotNetCore.AWS.Services\DotNetCore.AWS.Services.csproj", "{7E4940E8-48A8-454D-97B2-DEF248B287D1}"
EndProject
Project("{9A19103F-16F7-4668-BE54-9A1E7A4F7556}") = "DotNetCore.AWS.Common", "DotNetCore.AWS.Common\DotNetCore.AWS.Common.csproj", "{F02F2629-D18F-4E18-9A8E-C7DB703756F0}"
EndProject
Project("{9A19103F-16F7-4668-BE54-9A1E7A4F7556}") = "DotNetCore.AWS.Demo", "DotNetCore_AWS_Demo\DotNetCore.AWS.Demo.csproj", "{9C386163-C97C-4F30-8485-7A2A90E5D6D1}"
EndProject
Global
	GlobalSection(SolutionConfigurationPlatforms) = preSolution
		Debug|Any CPU = Debug|Any CPU
		Release|Any CPU = Release|Any CPU
	EndGlobalSection
	GlobalSection(ProjectConfigurationPlatforms) = postSolution
		{7E4940E8-48A8-454D-97B2-DEF248B287D1}.Debug|Any CPU.ActiveCfg = Debug|Any CPU
		{7E4940E8-48A8-454D-97B2-DEF248B287D1}.Debug|Any CPU.Build.0 = Debug|Any CPU
		{7E4940E8-48A8-454D-97B2-DEF248B287D1}.Release|Any CPU.ActiveCfg = Release|Any CPU
		{7E4940E8-48A8-454D-97B2-DEF248B287D1}.Release|Any CPU.Build.0 = Release|Any CPU
		{F02F2629-D18F-4E18-9A8E-C7DB703756F0}.Debug|Any CPU.ActiveCfg = Debug|Any CPU
		{F02F2629-D18F-4E18-9A8E-C7DB703756F0}.Debug|Any CPU.Build.0 = Debug|Any CPU
		{F02F2629-D18F-4E18-9A8E-C7DB703756F0}.Release|Any CPU.ActiveCfg = Release|Any CPU
		{F02F2629-D18F-4E18-9A8E-C7DB703756F0}.Release|Any CPU.Build.0 = Release|Any CPU
		{9C386163-C97C-4F30-8485-7A2A90E5D6D1}.Debug|Any CPU.ActiveCfg = Debug|Any CPU
		{9C386163-C97C-4F30-8485-7A2A90E5D6D1}.Debug|Any CPU.Build.0 = Debug|Any CPU
		{9C386163-C97C-4F30-8485-7A2A90E5D6D1}.Release|Any CPU.ActiveCfg = Release|Any CPU
		{9C386163-C97C-4F30-8485-7A2A90E5D6D1}.Release|Any CPU.Build.0 = Release|Any CPU
	EndGlobalSection
	GlobalSection(SolutionProperties) = preSolution
		HideSolutionNode = FALSE
	EndGlobalSection
	GlobalSection(ExtensibilityGlobals) = postSolution
		SolutionGuid = {60A49B93-41CF-46DD-ABC2-DD94D1F5E90D}
	EndGlobalSection
EndGlobal
